
Microsoft Visual Studio Solution File, Format Version 12.00
Project("{FAE04EC0-301F-11D3-BF4B-00C04F79EFBC}") = "AyniBackendWeb", "AyniBackendWeb\AyniBackendWeb.csproj", "{B641EA9C-44F1-4FEC-A00E-270E3DE74607}"
EndProject
Global
	GlobalSection(SolutionConfigurationPlatforms) = preSolution
		Debug|Any CPU = Debug|Any CPU
		Release|Any CPU = Release|Any CPU
	EndGlobalSection
	GlobalSection(ProjectConfigurationPlatforms) = postSolution
		{B641EA9C-44F1-4FEC-A00E-270E3DE74607}.Debug|Any CPU.ActiveCfg = Debug|Any CPU
		{B641EA9C-44F1-4FEC-A00E-270E3DE74607}.Debug|Any CPU.Build.0 = Debug|Any CPU
		{B641EA9C-44F1-4FEC-A00E-270E3DE74607}.Release|Any CPU.ActiveCfg = Release|Any CPU
		{B641EA9C-44F1-4FEC-A00E-270E3DE74607}.Release|Any CPU.Build.0 = Release|Any CPU
	EndGlobalSection
EndGlobal
